{
    "name": "mygame",
    "version": "0.0.0",
    "lockfileVersion": 1,
    "requires": true,
    "dependencies": {
        "excalibur": {
            "version": "0.24.5",
            "resolved": "https://registry.npmjs.org/excalibur/-/excalibur-0.24.5.tgz",
            "integrity": "sha512-fFgwDqv59eIbP2L+aRop30azu9v8liUQBABkisvI3ZqKRi/DJrhV1ScIEMEqLLsDvUlj3GOGhGrZmN5IghlNyQ=="
        },
        "typescript": {
            "version": "4.0.3",
            "resolved": "https://registry.npmjs.org/typescript/-/typescript-4.0.3.tgz",
            "integrity": "sha512-tEu6DGxGgRJPb/mVPIZ48e69xCn2yRmCgYmDugAVwmJ6o+0u1RI18eO7E7WBTLYLaEVVOhwQmcdhQHweux/WPg==",
            "dev": true
        }
    }
}
